
Microsoft Visual Studio Solution File, Format Version 12.00
# Visual Studio Version 17
VisualStudioVersion = 17.2.32602.215
MinimumVisualStudioVersion = 10.0.40219.1
Project("{FAE04EC0-301F-11D3-BF4B-00C04F79EFBC}") = "TaskSytemsV4", "TaskSytemsV4\TaskSytemsV4.csproj", "{6FE4AD67-4EE7-498F-A659-48F87FEC548D}"
EndProject
Global
	GlobalSection(SolutionConfigurationPlatforms) = preSolution
		Debug|Any CPU = Debug|Any CPU
		Release|Any CPU = Release|Any CPU
	EndGlobalSection
	GlobalSection(ProjectConfigurationPlatforms) = postSolution
		{6FE4AD67-4EE7-498F-A659-48F87FEC548D}.Debug|Any CPU.ActiveCfg = Debug|Any CPU
		{6FE4AD67-4EE7-498F-A659-48F87FEC548D}.Debug|Any CPU.Build.0 = Debug|Any CPU
		{6FE4AD67-4EE7-498F-A659-48F87FEC548D}.Release|Any CPU.ActiveCfg = Release|Any CPU
		{6FE4AD67-4EE7-498F-A659-48F87FEC548D}.Release|Any CPU.Build.0 = Release|Any CPU
	EndGlobalSection
	GlobalSection(SolutionProperties) = preSolution
		HideSolutionNode = FALSE
	EndGlobalSection
	GlobalSection(ExtensibilityGlobals) = postSolution
		SolutionGuid = {55BC1C7E-D464-49AC-BBB0-F63F7B873D9D}
	EndGlobalSection
EndGlobal
